
Microsoft Visual Studio Solution File, Format Version 12.00
# Visual Studio Version 16
VisualStudioVersion = 16.0.30225.117
MinimumVisualStudioVersion = 10.0.40219.1
Project("{9A19103F-16F7-4668-BE54-9A1E7A4F7556}") = "ECOM.API.Products", "ECOM.API\ECOM.API.Products.csproj", "{092B0779-559D-4453-BCB0-09DC68349882}"
	ProjectSection(ProjectDependencies) = postProject
		{0BD8EF99-5EF8-45EE-B836-DBB139FEEF92} = {0BD8EF99-5EF8-45EE-B836-DBB139FEEF92}
	EndProjectSection
EndProject
Project("{9A19103F-16F7-4668-BE54-9A1E7A4F7556}") = "ECOM.Business", "ECOM.Business\ECOM.Business.csproj", "{0BD8EF99-5EF8-45EE-B836-DBB139FEEF92}"
EndProject
Project("{9A19103F-16F7-4668-BE54-9A1E7A4F7556}") = "ECOM.Data", "ECOM.Data\ECOM.Data.csproj", "{EC0FA7A5-31EF-47A7-9CFC-AFC39F35CAAB}"
EndProject
Project("{2150E333-8FDC-42A3-9474-1A3956D46DE8}") = "src", "src", "{A904272F-DA44-43C8-B83A-DAD0DF268D09}"
EndProject
Project("{2150E333-8FDC-42A3-9474-1A3956D46DE8}") = "Building Blocks", "Building Blocks", "{5C71F318-F2AA-4254-A0F5-F864F1F0FAE8}"
EndProject
Project("{2150E333-8FDC-42A3-9474-1A3956D46DE8}") = "Core", "Core", "{DC6220EB-7AC9-48A2-9895-E09AEF83A13C}"
EndProject
Project("{2150E333-8FDC-42A3-9474-1A3956D46DE8}") = "Services", "Services", "{A2967D33-39E6-4622-8C86-AF14B3A6D393}"
EndProject
Project("{2150E333-8FDC-42A3-9474-1A3956D46DE8}") = "Web", "Web", "{F6F88313-60A2-49D0-B3B5-F9C5348E8A26}"
EndProject
Project("{9A19103F-16F7-4668-BE54-9A1E7A4F7556}") = "ECOM.Core", "src\building blocks\ECOM.Core\ECOM.Core.csproj", "{4F0C7574-691F-48DC-ACAA-9C0515C65565}"
EndProject
Project("{2150E333-8FDC-42A3-9474-1A3956D46DE8}") = "Catalogo", "Catalogo", "{22143145-F9C4-4D9B-BEC0-7D261E906353}"
EndProject
Project("{2150E333-8FDC-42A3-9474-1A3956D46DE8}") = "Identidade", "Identidade", "{E98DDFA0-B211-4AF8-B6DA-5A7F56FF9FBF}"
EndProject
Project("{9A19103F-16F7-4668-BE54-9A1E7A4F7556}") = "ECOM.API.Identity", "src\services\ECOM.API.Identity\ECOM.API.Identity.csproj", "{D4743B0A-7B18-4108-9FC2-865663467209}"
EndProject
Project("{2150E333-8FDC-42A3-9474-1A3956D46DE8}") = "Services", "Services", "{33856E4B-E36D-4A6A-BAF3-CED7A40D4F28}"
EndProject
Project("{9A19103F-16F7-4668-BE54-9A1E7A4F7556}") = "ECOM.WebAPI.Core", "src\building blocks\ECOM.WebAPI.Core\ECOM.WebAPI.Core.csproj", "{852CB734-3EA2-4CC5-9534-8CD3376946B7}"
EndProject
Project("{2150E333-8FDC-42A3-9474-1A3956D46DE8}") = "Cliente", "Cliente", "{92ADF490-0A53-4750-9EC9-0CAEDE77EC67}"
EndProject
Project("{FAE04EC0-301F-11D3-BF4B-00C04F79EFBC}") = "ECOM.API.Client", "src\services\ECOM.API.Client\ECOM.API.Client.csproj", "{9314F465-534A-49AF-AC6E-FD0E3A58A0C6}"
EndProject
Global
	GlobalSection(SolutionConfigurationPlatforms) = preSolution
		Debug|Any CPU = Debug|Any CPU
		Release|Any CPU = Release|Any CPU
	EndGlobalSection
	GlobalSection(ProjectConfigurationPlatforms) = postSolution
		{092B0779-559D-4453-BCB0-09DC68349882}.Debug|Any CPU.ActiveCfg = Debug|Any CPU
		{092B0779-559D-4453-BCB0-09DC68349882}.Debug|Any CPU.Build.0 = Debug|Any CPU
		{092B0779-559D-4453-BCB0-09DC68349882}.Release|Any CPU.ActiveCfg = Release|Any CPU
		{092B0779-559D-4453-BCB0-09DC68349882}.Release|Any CPU.Build.0 = Release|Any CPU
		{0BD8EF99-5EF8-45EE-B836-DBB139FEEF92}.Debug|Any CPU.ActiveCfg = Debug|Any CPU
		{0BD8EF99-5EF8-45EE-B836-DBB139FEEF92}.Debug|Any CPU.Build.0 = Debug|Any CPU
		{0BD8EF99-5EF8-45EE-B836-DBB139FEEF92}.Release|Any CPU.ActiveCfg = Release|Any CPU
		{0BD8EF99-5EF8-45EE-B836-DBB139FEEF92}.Release|Any CPU.Build.0 = Release|Any CPU
		{EC0FA7A5-31EF-47A7-9CFC-AFC39F35CAAB}.Debug|Any CPU.ActiveCfg = Debug|Any CPU
		{EC0FA7A5-31EF-47A7-9CFC-AFC39F35CAAB}.Debug|Any CPU.Build.0 = Debug|Any CPU
		{EC0FA7A5-31EF-47A7-9CFC-AFC39F35CAAB}.Release|Any CPU.ActiveCfg = Release|Any CPU
		{EC0FA7A5-31EF-47A7-9CFC-AFC39F35CAAB}.Release|Any CPU.Build.0 = Release|Any CPU
		{4F0C7574-691F-48DC-ACAA-9C0515C65565}.Debug|Any CPU.ActiveCfg = Debug|Any CPU
		{4F0C7574-691F-48DC-ACAA-9C0515C65565}.Debug|Any CPU.Build.0 = Debug|Any CPU
		{4F0C7574-691F-48DC-ACAA-9C0515C65565}.Release|Any CPU.ActiveCfg = Release|Any CPU
		{4F0C7574-691F-48DC-ACAA-9C0515C65565}.Release|Any CPU.Build.0 = Release|Any CPU
		{D4743B0A-7B18-4108-9FC2-865663467209}.Debug|Any CPU.ActiveCfg = Debug|Any CPU
		{D4743B0A-7B18-4108-9FC2-865663467209}.Debug|Any CPU.Build.0 = Debug|Any CPU
		{D4743B0A-7B18-4108-9FC2-865663467209}.Release|Any CPU.ActiveCfg = Release|Any CPU
		{D4743B0A-7B18-4108-9FC2-865663467209}.Release|Any CPU.Build.0 = Release|Any CPU
		{852CB734-3EA2-4CC5-9534-8CD3376946B7}.Debug|Any CPU.ActiveCfg = Debug|Any CPU
		{852CB734-3EA2-4CC5-9534-8CD3376946B7}.Debug|Any CPU.Build.0 = Debug|Any CPU
		{852CB734-3EA2-4CC5-9534-8CD3376946B7}.Release|Any CPU.ActiveCfg = Release|Any CPU
		{852CB734-3EA2-4CC5-9534-8CD3376946B7}.Release|Any CPU.Build.0 = Release|Any CPU
		{9314F465-534A-49AF-AC6E-FD0E3A58A0C6}.Debug|Any CPU.ActiveCfg = Debug|Any CPU
		{9314F465-534A-49AF-AC6E-FD0E3A58A0C6}.Debug|Any CPU.Build.0 = Debug|Any CPU
		{9314F465-534A-49AF-AC6E-FD0E3A58A0C6}.Release|Any CPU.ActiveCfg = Release|Any CPU
		{9314F465-534A-49AF-AC6E-FD0E3A58A0C6}.Release|Any CPU.Build.0 = Release|Any CPU
	EndGlobalSection
	GlobalSection(SolutionProperties) = preSolution
		HideSolutionNode = FALSE
	EndGlobalSection
	GlobalSection(NestedProjects) = preSolution
		{092B0779-559D-4453-BCB0-09DC68349882} = {22143145-F9C4-4D9B-BEC0-7D261E906353}
		{0BD8EF99-5EF8-45EE-B836-DBB139FEEF92} = {22143145-F9C4-4D9B-BEC0-7D261E906353}
		{EC0FA7A5-31EF-47A7-9CFC-AFC39F35CAAB} = {22143145-F9C4-4D9B-BEC0-7D261E906353}
		{5C71F318-F2AA-4254-A0F5-F864F1F0FAE8} = {A904272F-DA44-43C8-B83A-DAD0DF268D09}
		{DC6220EB-7AC9-48A2-9895-E09AEF83A13C} = {5C71F318-F2AA-4254-A0F5-F864F1F0FAE8}
		{A2967D33-39E6-4622-8C86-AF14B3A6D393} = {A904272F-DA44-43C8-B83A-DAD0DF268D09}
		{F6F88313-60A2-49D0-B3B5-F9C5348E8A26} = {A904272F-DA44-43C8-B83A-DAD0DF268D09}
		{4F0C7574-691F-48DC-ACAA-9C0515C65565} = {DC6220EB-7AC9-48A2-9895-E09AEF83A13C}
		{22143145-F9C4-4D9B-BEC0-7D261E906353} = {A2967D33-39E6-4622-8C86-AF14B3A6D393}
		{E98DDFA0-B211-4AF8-B6DA-5A7F56FF9FBF} = {A2967D33-39E6-4622-8C86-AF14B3A6D393}
		{D4743B0A-7B18-4108-9FC2-865663467209} = {E98DDFA0-B211-4AF8-B6DA-5A7F56FF9FBF}
		{33856E4B-E36D-4A6A-BAF3-CED7A40D4F28} = {5C71F318-F2AA-4254-A0F5-F864F1F0FAE8}
		{852CB734-3EA2-4CC5-9534-8CD3376946B7} = {33856E4B-E36D-4A6A-BAF3-CED7A40D4F28}
		{92ADF490-0A53-4750-9EC9-0CAEDE77EC67} = {A2967D33-39E6-4622-8C86-AF14B3A6D393}
		{9314F465-534A-49AF-AC6E-FD0E3A58A0C6} = {92ADF490-0A53-4750-9EC9-0CAEDE77EC67}
	EndGlobalSection
	GlobalSection(ExtensibilityGlobals) = postSolution
		SolutionGuid = {9905A2F2-41A2-42F4-815D-C8D4899358F1}
	EndGlobalSection
EndGlobal
