
Microsoft Visual Studio Solution File, Format Version 12.00
# Visual Studio Version 16
VisualStudioVersion = 16.0.30225.117
MinimumVisualStudioVersion = 10.0.40219.1
Project("{9A19103F-16F7-4668-BE54-9A1E7A4F7556}") = "ECOM.API.Products", "ECOM.API\ECOM.API.Products.csproj", "{092B0779-559D-4453-BCB0-09DC68349882}"
	ProjectSection(ProjectDependencies) = postProject
		{0BD8EF99-5EF8-45EE-B836-DBB139FEEF92} = {0BD8EF99-5EF8-45EE-B836-DBB139FEEF92}
	EndProjectSection
EndProject
Project("{9A19103F-16F7-4668-BE54-9A1E7A4F7556}") = "ECOM.Business", "ECOM.Business\ECOM.Business.csproj", "{0BD8EF99-5EF8-45EE-B836-DBB139FEEF92}"
EndProject
Project("{9A19103F-16F7-4668-BE54-9A1E7A4F7556}") = "ECOM.Data", "ECOM.Data\ECOM.Data.csproj", "{EC0FA7A5-31EF-47A7-9CFC-AFC39F35CAAB}"
EndProject
Project("{2150E333-8FDC-42A3-9474-1A3956D46DE8}") = "src", "src", "{A904272F-DA44-43C8-B83A-DAD0DF268D09}"
EndProject
Project("{2150E333-8FDC-42A3-9474-1A3956D46DE8}") = "Building Blocks", "Building Blocks", "{5C71F318-F2AA-4254-A0F5-F864F1F0FAE8}"
EndProject
Project("{2150E333-8FDC-42A3-9474-1A3956D46DE8}") = "Core", "Core", "{DC6220EB-7AC9-48A2-9895-E09AEF83A13C}"
EndProject
Project("{2150E333-8FDC-42A3-9474-1A3956D46DE8}") = "Services", "Services", "{A2967D33-39E6-4622-8C86-AF14B3A6D393}"
EndProject
Project("{2150E333-8FDC-42A3-9474-1A3956D46DE8}") = "Web", "Web", "{F6F88313-60A2-49D0-B3B5-F9C5348E8A26}"
EndProject
Project("{9A19103F-16F7-4668-BE54-9A1E7A4F7556}") = "ECOM.Core", "src\building blocks\ECOM.Core\ECOM.Core.csproj", "{4F0C7574-691F-48DC-ACAA-9C0515C65565}"
EndProject
Project("{2150E333-8FDC-42A3-9474-1A3956D46DE8}") = "Catalogo", "Catalogo", "{22143145-F9C4-4D9B-BEC0-7D261E906353}"
EndProject
Project("{2150E333-8FDC-42A3-9474-1A3956D46DE8}") = "Identidade", "Identidade", "{E98DDFA0-B211-4AF8-B6DA-5A7F56FF9FBF}"
EndProject
Project("{9A19103F-16F7-4668-BE54-9A1E7A4F7556}") = "ECOM.API.Identity", "src\services\ECOM.API.Identity\ECOM.API.Identity.csproj", "{D4743B0A-7B18-4108-9FC2-865663467209}"
EndProject
Project("{2150E333-8FDC-42A3-9474-1A3956D46DE8}") = "Services", "Services", "{33856E4B-E36D-4A6A-BAF3-CED7A40D4F28}"
EndProject
Project("{9A19103F-16F7-4668-BE54-9A1E7A4F7556}") = "ECOM.WebAPI.Core", "src\building blocks\ECOM.WebAPI.Core\ECOM.WebAPI.Core.csproj", "{852CB734-3EA2-4CC5-9534-8CD3376946B7}"
EndProject
Project("{2150E333-8FDC-42A3-9474-1A3956D46DE8}") = "Cliente", "Cliente", "{92ADF490-0A53-4750-9EC9-0CAEDE77EC67}"
EndProject
Project("{9A19103F-16F7-4668-BE54-9A1E7A4F7556}") = "ECOM.API.Client", "src\services\ECOM.API.Client\ECOM.API.Client.csproj", "{9314F465-534A-49AF-AC6E-FD0E3A58A0C6}"
EndProject
Project("{2150E333-8FDC-42A3-9474-1A3956D46DE8}") = "Carrinho", "Carrinho", "{6A02310C-829D-47D7-BB90-C10331B2E998}"
EndProject
Project("{9A19103F-16F7-4668-BE54-9A1E7A4F7556}") = "ECOM.API.Carrinho", "src\services\ECOM.API.Carrinho\ECOM.API.Carrinho.csproj", "{8F5CF136-284E-4A13-9AD0-E25D5AF394EB}"
EndProject
Project("{2150E333-8FDC-42A3-9474-1A3956D46DE8}") = "Pagamento", "Pagamento", "{71340996-A486-481E-9789-E8BE91CA7F2D}"
EndProject
Project("{9A19103F-16F7-4668-BE54-9A1E7A4F7556}") = "ECOM.API.Payment", "src\services\ECOM.API.Payment\ECOM.API.Payment.csproj", "{17E4974B-A470-4BA7-9EB9-2E87A8E907CE}"
EndProject
Project("{9A19103F-16F7-4668-BE54-9A1E7A4F7556}") = "ECOM.Payment.EcomPag", "src\services\ECOM.Payment.EcomPag\ECOM.Payment.EcomPag.csproj", "{D211F606-57CF-4CB4-BE09-B196C0F373DD}"
EndProject
Project("{2150E333-8FDC-42A3-9474-1A3956D46DE8}") = "MessageBus", "MessageBus", "{E9D6AF9C-FBF3-4965-98B0-ADB0FAF609C6}"
EndProject
Project("{9A19103F-16F7-4668-BE54-9A1E7A4F7556}") = "ECOM.MessageBus", "src\building blocks\ECOM.MessageBus\ECOM.MessageBus.csproj", "{9442E32C-0368-4D87-8C18-D28478A0B19F}"
EndProject
Project("{2150E333-8FDC-42A3-9474-1A3956D46DE8}") = "ApiGateways", "ApiGateways", "{59683DA4-6459-4A35-A7E6-86A8483F35CF}"
EndProject
Project("{2150E333-8FDC-42A3-9474-1A3956D46DE8}") = "Compras", "Compras", "{E7007DC7-DCED-4D89-9501-D1EF58BB8471}"
EndProject
Project("{9A19103F-16F7-4668-BE54-9A1E7A4F7556}") = "ECOM.Bff.Compras", "src\api gateways\ECOM.Bff.Compras\ECOM.Bff.Compras.csproj", "{B090AC6F-AD53-434F-BE52-DB361378EF6D}"
EndProject
Project("{2150E333-8FDC-42A3-9474-1A3956D46DE8}") = "Pedido", "Pedido", "{1E5A1720-9269-4E80-B304-F14547AD3067}"
EndProject
Project("{FAE04EC0-301F-11D3-BF4B-00C04F79EFBC}") = "ECOM.API.Pedidos", "src\services\ECOM.API.Pedidos\ECOM.API.Pedidos.csproj", "{1EEC6EEC-8110-4DEC-944F-8CC0A8FF37A7}"
EndProject
Project("{FAE04EC0-301F-11D3-BF4B-00C04F79EFBC}") = "ECOM.Pedidos.Domain", "src\services\ECOM.Pedidos.Domain\ECOM.Pedidos.Domain.csproj", "{BD850AB9-E590-4DB5-ACF6-C4922049CF2B}"
EndProject
Project("{FAE04EC0-301F-11D3-BF4B-00C04F79EFBC}") = "ECOM.Pedidos.Infra", "src\services\ECOM.Pedidos.Infra\ECOM.Pedidos.Infra.csproj", "{5AF6F891-953A-4793-919A-A18BFA1EEB0C}"
EndProject
Global
	GlobalSection(SolutionConfigurationPlatforms) = preSolution
		Debug|Any CPU = Debug|Any CPU
		Release|Any CPU = Release|Any CPU
	EndGlobalSection
	GlobalSection(ProjectConfigurationPlatforms) = postSolution
		{092B0779-559D-4453-BCB0-09DC68349882}.Debug|Any CPU.ActiveCfg = Debug|Any CPU
		{092B0779-559D-4453-BCB0-09DC68349882}.Debug|Any CPU.Build.0 = Debug|Any CPU
		{092B0779-559D-4453-BCB0-09DC68349882}.Release|Any CPU.ActiveCfg = Release|Any CPU
		{092B0779-559D-4453-BCB0-09DC68349882}.Release|Any CPU.Build.0 = Release|Any CPU
		{0BD8EF99-5EF8-45EE-B836-DBB139FEEF92}.Debug|Any CPU.ActiveCfg = Debug|Any CPU
		{0BD8EF99-5EF8-45EE-B836-DBB139FEEF92}.Debug|Any CPU.Build.0 = Debug|Any CPU
		{0BD8EF99-5EF8-45EE-B836-DBB139FEEF92}.Release|Any CPU.ActiveCfg = Release|Any CPU
		{0BD8EF99-5EF8-45EE-B836-DBB139FEEF92}.Release|Any CPU.Build.0 = Release|Any CPU
		{EC0FA7A5-31EF-47A7-9CFC-AFC39F35CAAB}.Debug|Any CPU.ActiveCfg = Debug|Any CPU
		{EC0FA7A5-31EF-47A7-9CFC-AFC39F35CAAB}.Debug|Any CPU.Build.0 = Debug|Any CPU
		{EC0FA7A5-31EF-47A7-9CFC-AFC39F35CAAB}.Release|Any CPU.ActiveCfg = Release|Any CPU
		{EC0FA7A5-31EF-47A7-9CFC-AFC39F35CAAB}.Release|Any CPU.Build.0 = Release|Any CPU
		{4F0C7574-691F-48DC-ACAA-9C0515C65565}.Debug|Any CPU.ActiveCfg = Debug|Any CPU
		{4F0C7574-691F-48DC-ACAA-9C0515C65565}.Debug|Any CPU.Build.0 = Debug|Any CPU
		{4F0C7574-691F-48DC-ACAA-9C0515C65565}.Release|Any CPU.ActiveCfg = Release|Any CPU
		{4F0C7574-691F-48DC-ACAA-9C0515C65565}.Release|Any CPU.Build.0 = Release|Any CPU
		{D4743B0A-7B18-4108-9FC2-865663467209}.Debug|Any CPU.ActiveCfg = Debug|Any CPU
		{D4743B0A-7B18-4108-9FC2-865663467209}.Debug|Any CPU.Build.0 = Debug|Any CPU
		{D4743B0A-7B18-4108-9FC2-865663467209}.Release|Any CPU.ActiveCfg = Release|Any CPU
		{D4743B0A-7B18-4108-9FC2-865663467209}.Release|Any CPU.Build.0 = Release|Any CPU
		{852CB734-3EA2-4CC5-9534-8CD3376946B7}.Debug|Any CPU.ActiveCfg = Debug|Any CPU
		{852CB734-3EA2-4CC5-9534-8CD3376946B7}.Debug|Any CPU.Build.0 = Debug|Any CPU
		{852CB734-3EA2-4CC5-9534-8CD3376946B7}.Release|Any CPU.ActiveCfg = Release|Any CPU
		{852CB734-3EA2-4CC5-9534-8CD3376946B7}.Release|Any CPU.Build.0 = Release|Any CPU
		{9314F465-534A-49AF-AC6E-FD0E3A58A0C6}.Debug|Any CPU.ActiveCfg = Debug|Any CPU
		{9314F465-534A-49AF-AC6E-FD0E3A58A0C6}.Debug|Any CPU.Build.0 = Debug|Any CPU
		{9314F465-534A-49AF-AC6E-FD0E3A58A0C6}.Release|Any CPU.ActiveCfg = Release|Any CPU
		{9314F465-534A-49AF-AC6E-FD0E3A58A0C6}.Release|Any CPU.Build.0 = Release|Any CPU
		{8F5CF136-284E-4A13-9AD0-E25D5AF394EB}.Debug|Any CPU.ActiveCfg = Debug|Any CPU
		{8F5CF136-284E-4A13-9AD0-E25D5AF394EB}.Debug|Any CPU.Build.0 = Debug|Any CPU
		{8F5CF136-284E-4A13-9AD0-E25D5AF394EB}.Release|Any CPU.ActiveCfg = Release|Any CPU
		{8F5CF136-284E-4A13-9AD0-E25D5AF394EB}.Release|Any CPU.Build.0 = Release|Any CPU
		{17E4974B-A470-4BA7-9EB9-2E87A8E907CE}.Debug|Any CPU.ActiveCfg = Debug|Any CPU
		{17E4974B-A470-4BA7-9EB9-2E87A8E907CE}.Debug|Any CPU.Build.0 = Debug|Any CPU
		{17E4974B-A470-4BA7-9EB9-2E87A8E907CE}.Release|Any CPU.ActiveCfg = Release|Any CPU
		{17E4974B-A470-4BA7-9EB9-2E87A8E907CE}.Release|Any CPU.Build.0 = Release|Any CPU
		{D211F606-57CF-4CB4-BE09-B196C0F373DD}.Debug|Any CPU.ActiveCfg = Debug|Any CPU
		{D211F606-57CF-4CB4-BE09-B196C0F373DD}.Debug|Any CPU.Build.0 = Debug|Any CPU
		{D211F606-57CF-4CB4-BE09-B196C0F373DD}.Release|Any CPU.ActiveCfg = Release|Any CPU
		{D211F606-57CF-4CB4-BE09-B196C0F373DD}.Release|Any CPU.Build.0 = Release|Any CPU
		{9442E32C-0368-4D87-8C18-D28478A0B19F}.Debug|Any CPU.ActiveCfg = Debug|Any CPU
		{9442E32C-0368-4D87-8C18-D28478A0B19F}.Debug|Any CPU.Build.0 = Debug|Any CPU
		{9442E32C-0368-4D87-8C18-D28478A0B19F}.Release|Any CPU.ActiveCfg = Release|Any CPU
		{9442E32C-0368-4D87-8C18-D28478A0B19F}.Release|Any CPU.Build.0 = Release|Any CPU
		{B090AC6F-AD53-434F-BE52-DB361378EF6D}.Debug|Any CPU.ActiveCfg = Debug|Any CPU
		{B090AC6F-AD53-434F-BE52-DB361378EF6D}.Debug|Any CPU.Build.0 = Debug|Any CPU
		{B090AC6F-AD53-434F-BE52-DB361378EF6D}.Release|Any CPU.ActiveCfg = Release|Any CPU
		{B090AC6F-AD53-434F-BE52-DB361378EF6D}.Release|Any CPU.Build.0 = Release|Any CPU
		{1EEC6EEC-8110-4DEC-944F-8CC0A8FF37A7}.Debug|Any CPU.ActiveCfg = Debug|Any CPU
		{1EEC6EEC-8110-4DEC-944F-8CC0A8FF37A7}.Debug|Any CPU.Build.0 = Debug|Any CPU
		{1EEC6EEC-8110-4DEC-944F-8CC0A8FF37A7}.Release|Any CPU.ActiveCfg = Release|Any CPU
		{1EEC6EEC-8110-4DEC-944F-8CC0A8FF37A7}.Release|Any CPU.Build.0 = Release|Any CPU
		{BD850AB9-E590-4DB5-ACF6-C4922049CF2B}.Debug|Any CPU.ActiveCfg = Debug|Any CPU
		{BD850AB9-E590-4DB5-ACF6-C4922049CF2B}.Debug|Any CPU.Build.0 = Debug|Any CPU
		{BD850AB9-E590-4DB5-ACF6-C4922049CF2B}.Release|Any CPU.ActiveCfg = Release|Any CPU
		{BD850AB9-E590-4DB5-ACF6-C4922049CF2B}.Release|Any CPU.Build.0 = Release|Any CPU
		{5AF6F891-953A-4793-919A-A18BFA1EEB0C}.Debug|Any CPU.ActiveCfg = Debug|Any CPU
		{5AF6F891-953A-4793-919A-A18BFA1EEB0C}.Debug|Any CPU.Build.0 = Debug|Any CPU
		{5AF6F891-953A-4793-919A-A18BFA1EEB0C}.Release|Any CPU.ActiveCfg = Release|Any CPU
		{5AF6F891-953A-4793-919A-A18BFA1EEB0C}.Release|Any CPU.Build.0 = Release|Any CPU
	EndGlobalSection
	GlobalSection(SolutionProperties) = preSolution
		HideSolutionNode = FALSE
	EndGlobalSection
	GlobalSection(NestedProjects) = preSolution
		{092B0779-559D-4453-BCB0-09DC68349882} = {22143145-F9C4-4D9B-BEC0-7D261E906353}
		{0BD8EF99-5EF8-45EE-B836-DBB139FEEF92} = {22143145-F9C4-4D9B-BEC0-7D261E906353}
		{EC0FA7A5-31EF-47A7-9CFC-AFC39F35CAAB} = {22143145-F9C4-4D9B-BEC0-7D261E906353}
		{5C71F318-F2AA-4254-A0F5-F864F1F0FAE8} = {A904272F-DA44-43C8-B83A-DAD0DF268D09}
		{DC6220EB-7AC9-48A2-9895-E09AEF83A13C} = {5C71F318-F2AA-4254-A0F5-F864F1F0FAE8}
		{A2967D33-39E6-4622-8C86-AF14B3A6D393} = {A904272F-DA44-43C8-B83A-DAD0DF268D09}
		{F6F88313-60A2-49D0-B3B5-F9C5348E8A26} = {A904272F-DA44-43C8-B83A-DAD0DF268D09}
		{4F0C7574-691F-48DC-ACAA-9C0515C65565} = {DC6220EB-7AC9-48A2-9895-E09AEF83A13C}
		{22143145-F9C4-4D9B-BEC0-7D261E906353} = {A2967D33-39E6-4622-8C86-AF14B3A6D393}
		{E98DDFA0-B211-4AF8-B6DA-5A7F56FF9FBF} = {A2967D33-39E6-4622-8C86-AF14B3A6D393}
		{D4743B0A-7B18-4108-9FC2-865663467209} = {E98DDFA0-B211-4AF8-B6DA-5A7F56FF9FBF}
		{33856E4B-E36D-4A6A-BAF3-CED7A40D4F28} = {5C71F318-F2AA-4254-A0F5-F864F1F0FAE8}
		{852CB734-3EA2-4CC5-9534-8CD3376946B7} = {33856E4B-E36D-4A6A-BAF3-CED7A40D4F28}
		{92ADF490-0A53-4750-9EC9-0CAEDE77EC67} = {A2967D33-39E6-4622-8C86-AF14B3A6D393}
		{9314F465-534A-49AF-AC6E-FD0E3A58A0C6} = {92ADF490-0A53-4750-9EC9-0CAEDE77EC67}
		{6A02310C-829D-47D7-BB90-C10331B2E998} = {A2967D33-39E6-4622-8C86-AF14B3A6D393}
		{8F5CF136-284E-4A13-9AD0-E25D5AF394EB} = {6A02310C-829D-47D7-BB90-C10331B2E998}
		{71340996-A486-481E-9789-E8BE91CA7F2D} = {A2967D33-39E6-4622-8C86-AF14B3A6D393}
		{17E4974B-A470-4BA7-9EB9-2E87A8E907CE} = {71340996-A486-481E-9789-E8BE91CA7F2D}
		{D211F606-57CF-4CB4-BE09-B196C0F373DD} = {71340996-A486-481E-9789-E8BE91CA7F2D}
		{E9D6AF9C-FBF3-4965-98B0-ADB0FAF609C6} = {5C71F318-F2AA-4254-A0F5-F864F1F0FAE8}
		{9442E32C-0368-4D87-8C18-D28478A0B19F} = {E9D6AF9C-FBF3-4965-98B0-ADB0FAF609C6}
		{59683DA4-6459-4A35-A7E6-86A8483F35CF} = {A904272F-DA44-43C8-B83A-DAD0DF268D09}
		{E7007DC7-DCED-4D89-9501-D1EF58BB8471} = {59683DA4-6459-4A35-A7E6-86A8483F35CF}
		{B090AC6F-AD53-434F-BE52-DB361378EF6D} = {E7007DC7-DCED-4D89-9501-D1EF58BB8471}
		{1E5A1720-9269-4E80-B304-F14547AD3067} = {A2967D33-39E6-4622-8C86-AF14B3A6D393}
		{1EEC6EEC-8110-4DEC-944F-8CC0A8FF37A7} = {1E5A1720-9269-4E80-B304-F14547AD3067}
		{BD850AB9-E590-4DB5-ACF6-C4922049CF2B} = {1E5A1720-9269-4E80-B304-F14547AD3067}
		{5AF6F891-953A-4793-919A-A18BFA1EEB0C} = {1E5A1720-9269-4E80-B304-F14547AD3067}
	EndGlobalSection
	GlobalSection(ExtensibilityGlobals) = postSolution
		SolutionGuid = {9905A2F2-41A2-42F4-815D-C8D4899358F1}
	EndGlobalSection
EndGlobal
